
Microsoft Visual Studio Solution File, Format Version 12.00
# Visual Studio Version 17
VisualStudioVersion = 17.13.35931.197 d17.13
MinimumVisualStudioVersion = 10.0.40219.1
Project("{FAE04EC0-301F-11D3-BF4B-00C04F79EFBC}") = "OrderService.Application", "OrderService.Application\OrderService.Application.csproj", "{17ACE2FC-2955-45B4-8861-9F1B4276D6F2}"
EndProject
Project("{FAE04EC0-301F-11D3-BF4B-00C04F79EFBC}") = "OrderService.Domain", "OrderService.Domain\OrderService.Domain.csproj", "{E955C0EE-50DB-485F-809A-848BEE125008}"
EndProject
Project("{FAE04EC0-301F-11D3-BF4B-00C04F79EFBC}") = "OrderService.API", "OrderService.API\OrderService.API.csproj", "{CBDA8C81-72BF-4226-8F8E-FBE570490EEA}"
EndProject
Project("{FAE04EC0-301F-11D3-BF4B-00C04F79EFBC}") = "OrderService.Infrastructure", "OrderService.Infrastructure\OrderService.Infrastructure.csproj", "{2067F08F-1B97-44FD-99D0-EC41491E4F4D}"
EndProject
Project("{FAE04EC0-301F-11D3-BF4B-00C04F79EFBC}") = "OrderService.Persistence", "OrderService.Persistence\OrderService.Persistence.csproj", "{0BBC5713-BF69-4909-8050-80EB01993865}"
EndProject
Global
	GlobalSection(SolutionConfigurationPlatforms) = preSolution
		Debug|Any CPU = Debug|Any CPU
		Release|Any CPU = Release|Any CPU
	EndGlobalSection
	GlobalSection(ProjectConfigurationPlatforms) = postSolution
		{17ACE2FC-2955-45B4-8861-9F1B4276D6F2}.Debug|Any CPU.ActiveCfg = Debug|Any CPU
		{17ACE2FC-2955-45B4-8861-9F1B4276D6F2}.Debug|Any CPU.Build.0 = Debug|Any CPU
		{17ACE2FC-2955-45B4-8861-9F1B4276D6F2}.Release|Any CPU.ActiveCfg = Release|Any CPU
		{17ACE2FC-2955-45B4-8861-9F1B4276D6F2}.Release|Any CPU.Build.0 = Release|Any CPU
		{E955C0EE-50DB-485F-809A-848BEE125008}.Debug|Any CPU.ActiveCfg = Debug|Any CPU
		{E955C0EE-50DB-485F-809A-848BEE125008}.Debug|Any CPU.Build.0 = Debug|Any CPU
		{E955C0EE-50DB-485F-809A-848BEE125008}.Release|Any CPU.ActiveCfg = Release|Any CPU
		{E955C0EE-50DB-485F-809A-848BEE125008}.Release|Any CPU.Build.0 = Release|Any CPU
		{CBDA8C81-72BF-4226-8F8E-FBE570490EEA}.Debug|Any CPU.ActiveCfg = Debug|Any CPU
		{CBDA8C81-72BF-4226-8F8E-FBE570490EEA}.Debug|Any CPU.Build.0 = Debug|Any CPU
		{CBDA8C81-72BF-4226-8F8E-FBE570490EEA}.Release|Any CPU.ActiveCfg = Release|Any CPU
		{CBDA8C81-72BF-4226-8F8E-FBE570490EEA}.Release|Any CPU.Build.0 = Release|Any CPU
		{2067F08F-1B97-44FD-99D0-EC41491E4F4D}.Debug|Any CPU.ActiveCfg = Debug|Any CPU
		{2067F08F-1B97-44FD-99D0-EC41491E4F4D}.Debug|Any CPU.Build.0 = Debug|Any CPU
		{2067F08F-1B97-44FD-99D0-EC41491E4F4D}.Release|Any CPU.ActiveCfg = Release|Any CPU
		{2067F08F-1B97-44FD-99D0-EC41491E4F4D}.Release|Any CPU.Build.0 = Release|Any CPU
		{0BBC5713-BF69-4909-8050-80EB01993865}.Debug|Any CPU.ActiveCfg = Debug|Any CPU
		{0BBC5713-BF69-4909-8050-80EB01993865}.Debug|Any CPU.Build.0 = Debug|Any CPU
		{0BBC5713-BF69-4909-8050-80EB01993865}.Release|Any CPU.ActiveCfg = Release|Any CPU
		{0BBC5713-BF69-4909-8050-80EB01993865}.Release|Any CPU.Build.0 = Release|Any CPU
	EndGlobalSection
	GlobalSection(SolutionProperties) = preSolution
		HideSolutionNode = FALSE
	EndGlobalSection
	GlobalSection(ExtensibilityGlobals) = postSolution
		SolutionGuid = {951B39E5-146D-4A9E-AF87-50C9C567AFEF}
	EndGlobalSection
EndGlobal
